
Microsoft Visual Studio Solution File, Format Version 12.00
# Visual Studio 15
Project("{FAE04EC0-301F-11D3-BF4B-00C04F79EFBC}") = "Assembly-CSharp", "Assembly-CSharp.csproj", "{4D24D3D9-B5D5-E0ED-35C0-0B5C2648D15F}"
EndProject
Project("{FAE04EC0-301F-11D3-BF4B-00C04F79EFBC}") = "Assembly-CSharp-Editor", "Assembly-CSharp-Editor.csproj", "{19C9AF75-516F-131E-37C5-5040B52C1E85}"
EndProject
Global
	GlobalSection(SolutionConfigurationPlatforms) = preSolution
		Debug|Any CPU = Debug|Any CPU
		Release|Any CPU = Release|Any CPU
	EndGlobalSection
	GlobalSection(ProjectConfigurationPlatforms) = postSolution
		{4D24D3D9-B5D5-E0ED-35C0-0B5C2648D15F}.Debug|Any CPU.ActiveCfg = Debug|Any CPU
		{4D24D3D9-B5D5-E0ED-35C0-0B5C2648D15F}.Debug|Any CPU.Build.0 = Debug|Any CPU
		{4D24D3D9-B5D5-E0ED-35C0-0B5C2648D15F}.Release|Any CPU.ActiveCfg = Release|Any CPU
		{4D24D3D9-B5D5-E0ED-35C0-0B5C2648D15F}.Release|Any CPU.Build.0 = Release|Any CPU
		{19C9AF75-516F-131E-37C5-5040B52C1E85}.Debug|Any CPU.ActiveCfg = Debug|Any CPU
		{19C9AF75-516F-131E-37C5-5040B52C1E85}.Debug|Any CPU.Build.0 = Debug|Any CPU
		{19C9AF75-516F-131E-37C5-5040B52C1E85}.Release|Any CPU.ActiveCfg = Release|Any CPU
		{19C9AF75-516F-131E-37C5-5040B52C1E85}.Release|Any CPU.Build.0 = Release|Any CPU
	EndGlobalSection
	GlobalSection(SolutionProperties) = preSolution
		HideSolutionNode = FALSE
	EndGlobalSection
EndGlobal
